
Microsoft Visual Studio Solution File, Format Version 12.00
# Visual Studio Version 17
VisualStudioVersion = 17.12.35527.113
MinimumVisualStudioVersion = 10.0.40219.1
Project("{FAE04EC0-301F-11D3-BF4B-00C04F79EFBC}") = "ConfigurationWebApi", "ConfigurationWebApi\ConfigurationWebApi.csproj", "{AD781096-B8C2-44A9-BA0D-5E946BF77967}"
	ProjectSection(ProjectDependencies) = postProject
		{5F47FAEE-4A8F-42FB-824D-FAFB922E2F9F} = {5F47FAEE-4A8F-42FB-824D-FAFB922E2F9F}
	EndProjectSection
EndProject
Project("{FAE04EC0-301F-11D3-BF4B-00C04F79EFBC}") = "ConfigurationWebUI", "ConfigurationWebUI\ConfigurationWebUI.csproj", "{D29C5210-2A16-42C4-9402-68F402B100B5}"
	ProjectSection(ProjectDependencies) = postProject
		{AD781096-B8C2-44A9-BA0D-5E946BF77967} = {AD781096-B8C2-44A9-BA0D-5E946BF77967}
	EndProjectSection
EndProject
Project("{2150E333-8FDC-42A3-9474-1A3956D46DE8}") = "Solution Items", "Solution Items", "{FD0F19E7-39BD-4056-A855-493E0F53969F}"
	ProjectSection(SolutionItems) = preProject
		docker-compose.yaml = docker-compose.yaml
	EndProjectSection
EndProject
Project("{FAE04EC0-301F-11D3-BF4B-00C04F79EFBC}") = "ConfigurationLibrary", "ConfigurationLibrary\ConfigurationLibrary.csproj", "{5F47FAEE-4A8F-42FB-824D-FAFB922E2F9F}"
EndProject
Global
	GlobalSection(SolutionConfigurationPlatforms) = preSolution
		Debug|Any CPU = Debug|Any CPU
		Release|Any CPU = Release|Any CPU
	EndGlobalSection
	GlobalSection(ProjectConfigurationPlatforms) = postSolution
		{AD781096-B8C2-44A9-BA0D-5E946BF77967}.Debug|Any CPU.ActiveCfg = Debug|Any CPU
		{AD781096-B8C2-44A9-BA0D-5E946BF77967}.Debug|Any CPU.Build.0 = Debug|Any CPU
		{AD781096-B8C2-44A9-BA0D-5E946BF77967}.Release|Any CPU.ActiveCfg = Release|Any CPU
		{AD781096-B8C2-44A9-BA0D-5E946BF77967}.Release|Any CPU.Build.0 = Release|Any CPU
		{D29C5210-2A16-42C4-9402-68F402B100B5}.Debug|Any CPU.ActiveCfg = Debug|Any CPU
		{D29C5210-2A16-42C4-9402-68F402B100B5}.Debug|Any CPU.Build.0 = Debug|Any CPU
		{D29C5210-2A16-42C4-9402-68F402B100B5}.Release|Any CPU.ActiveCfg = Release|Any CPU
		{D29C5210-2A16-42C4-9402-68F402B100B5}.Release|Any CPU.Build.0 = Release|Any CPU
		{5F47FAEE-4A8F-42FB-824D-FAFB922E2F9F}.Debug|Any CPU.ActiveCfg = Debug|Any CPU
		{5F47FAEE-4A8F-42FB-824D-FAFB922E2F9F}.Debug|Any CPU.Build.0 = Debug|Any CPU
		{5F47FAEE-4A8F-42FB-824D-FAFB922E2F9F}.Release|Any CPU.ActiveCfg = Release|Any CPU
		{5F47FAEE-4A8F-42FB-824D-FAFB922E2F9F}.Release|Any CPU.Build.0 = Release|Any CPU
	EndGlobalSection
	GlobalSection(SolutionProperties) = preSolution
		HideSolutionNode = FALSE
	EndGlobalSection
EndGlobal
